
Microsoft Visual Studio Solution File, Format Version 12.00
# Visual Studio Version 16
VisualStudioVersion = 16.0.31624.102
MinimumVisualStudioVersion = 10.0.40219.1
Project("{9A19103F-16F7-4668-BE54-9A1E7A4F7556}") = "MathSample", "MathSample\MathSample.csproj", "{BA5C3A9F-9FB2-4C0B-8E07-363D64C6EDD0}"
EndProject
Project("{9A19103F-16F7-4668-BE54-9A1E7A4F7556}") = "StaticContructorSample", "StaticContructorSample\StaticContructorSample.csproj", "{FD142074-15A5-4183-A227-71A32FADB6BD}"
EndProject
Project("{2150E333-8FDC-42A3-9474-1A3956D46DE8}") = "ObjectAndType", "ObjectAndType", "{BDEB225E-DC7A-4D85-AA9A-231D977618BB}"
EndProject
Project("{FAE04EC0-301F-11D3-BF4B-00C04F79EFBC}") = "PassingByValueAndByReference", "PassingByValueAndByReference\PassingByValueAndByReference.csproj", "{4B906FAC-2B96-42C1-B469-E9E19994D4FF}"
EndProject
Project("{FAE04EC0-301F-11D3-BF4B-00C04F79EFBC}") = "OutKeyWordSample", "OutKeyWordSample\OutKeyWordSample.csproj", "{85016A66-2F9C-431C-B2E6-944F2ACAA16F}"
EndProject
Global
	GlobalSection(SolutionConfigurationPlatforms) = preSolution
		Debug|Any CPU = Debug|Any CPU
		Release|Any CPU = Release|Any CPU
	EndGlobalSection
	GlobalSection(ProjectConfigurationPlatforms) = postSolution
		{BA5C3A9F-9FB2-4C0B-8E07-363D64C6EDD0}.Debug|Any CPU.ActiveCfg = Debug|Any CPU
		{BA5C3A9F-9FB2-4C0B-8E07-363D64C6EDD0}.Debug|Any CPU.Build.0 = Debug|Any CPU
		{BA5C3A9F-9FB2-4C0B-8E07-363D64C6EDD0}.Release|Any CPU.ActiveCfg = Release|Any CPU
		{BA5C3A9F-9FB2-4C0B-8E07-363D64C6EDD0}.Release|Any CPU.Build.0 = Release|Any CPU
		{FD142074-15A5-4183-A227-71A32FADB6BD}.Debug|Any CPU.ActiveCfg = Debug|Any CPU
		{FD142074-15A5-4183-A227-71A32FADB6BD}.Debug|Any CPU.Build.0 = Debug|Any CPU
		{FD142074-15A5-4183-A227-71A32FADB6BD}.Release|Any CPU.ActiveCfg = Release|Any CPU
		{FD142074-15A5-4183-A227-71A32FADB6BD}.Release|Any CPU.Build.0 = Release|Any CPU
		{4B906FAC-2B96-42C1-B469-E9E19994D4FF}.Debug|Any CPU.ActiveCfg = Debug|Any CPU
		{4B906FAC-2B96-42C1-B469-E9E19994D4FF}.Debug|Any CPU.Build.0 = Debug|Any CPU
		{4B906FAC-2B96-42C1-B469-E9E19994D4FF}.Release|Any CPU.ActiveCfg = Release|Any CPU
		{4B906FAC-2B96-42C1-B469-E9E19994D4FF}.Release|Any CPU.Build.0 = Release|Any CPU
		{85016A66-2F9C-431C-B2E6-944F2ACAA16F}.Debug|Any CPU.ActiveCfg = Debug|Any CPU
		{85016A66-2F9C-431C-B2E6-944F2ACAA16F}.Debug|Any CPU.Build.0 = Debug|Any CPU
		{85016A66-2F9C-431C-B2E6-944F2ACAA16F}.Release|Any CPU.ActiveCfg = Release|Any CPU
		{85016A66-2F9C-431C-B2E6-944F2ACAA16F}.Release|Any CPU.Build.0 = Release|Any CPU
	EndGlobalSection
	GlobalSection(SolutionProperties) = preSolution
		HideSolutionNode = FALSE
	EndGlobalSection
	GlobalSection(NestedProjects) = preSolution
		{4B906FAC-2B96-42C1-B469-E9E19994D4FF} = {BDEB225E-DC7A-4D85-AA9A-231D977618BB}
		{85016A66-2F9C-431C-B2E6-944F2ACAA16F} = {BDEB225E-DC7A-4D85-AA9A-231D977618BB}
	EndGlobalSection
	GlobalSection(ExtensibilityGlobals) = postSolution
		SolutionGuid = {E80D9D6D-5309-445A-AF3D-216C84737F3C}
	EndGlobalSection
EndGlobal
