
Microsoft Visual Studio Solution File, Format Version 12.00
# Visual Studio 15
VisualStudioVersion = 15.0.28307.1705
MinimumVisualStudioVersion = 10.0.40219.1
Project("{9A19103F-16F7-4668-BE54-9A1E7A4F7556}") = "MathSample", "MathSample\MathSample.csproj", "{BA5C3A9F-9FB2-4C0B-8E07-363D64C6EDD0}"
EndProject
Project("{9A19103F-16F7-4668-BE54-9A1E7A4F7556}") = "StaticContructorSample", "StaticContructorSample\StaticContructorSample.csproj", "{FD142074-15A5-4183-A227-71A32FADB6BD}"
EndProject
Project("{FAE04EC0-301F-11D3-BF4B-00C04F79EFBC}") = "WorkConsole", "WorkConsole\WorkConsole.csproj", "{F5AC81F3-E3F5-4594-B101-A99F10E5FAEE}"
EndProject
Project("{FAE04EC0-301F-11D3-BF4B-00C04F79EFBC}") = "GetAStringDomo", "GetAStringDomo\GetAStringDomo.csproj", "{39049A45-376E-4ADA-8F05-8F70DF6CEA57}"
EndProject
Project("{FAE04EC0-301F-11D3-BF4B-00C04F79EFBC}") = "SimpleDelegate", "SimpleDelegate\SimpleDelegate.csproj", "{21C94CD6-4594-4FC1-8797-115E7A259C26}"
EndProject
Project("{2150E333-8FDC-42A3-9474-1A3956D46DE8}") = "Delegate", "Delegate", "{06D5BE36-693B-42FD-B83B-DC5AFDEACB4B}"
EndProject
Project("{FAE04EC0-301F-11D3-BF4B-00C04F79EFBC}") = "BubbleSorter", "BubbleSorter\BubbleSorter.csproj", "{0669EFEB-3674-4E83-962F-BAA9769BD445}"
EndProject
Global
	GlobalSection(SolutionConfigurationPlatforms) = preSolution
		Debug|Any CPU = Debug|Any CPU
		Release|Any CPU = Release|Any CPU
	EndGlobalSection
	GlobalSection(ProjectConfigurationPlatforms) = postSolution
		{BA5C3A9F-9FB2-4C0B-8E07-363D64C6EDD0}.Debug|Any CPU.ActiveCfg = Debug|Any CPU
		{BA5C3A9F-9FB2-4C0B-8E07-363D64C6EDD0}.Debug|Any CPU.Build.0 = Debug|Any CPU
		{BA5C3A9F-9FB2-4C0B-8E07-363D64C6EDD0}.Release|Any CPU.ActiveCfg = Release|Any CPU
		{BA5C3A9F-9FB2-4C0B-8E07-363D64C6EDD0}.Release|Any CPU.Build.0 = Release|Any CPU
		{FD142074-15A5-4183-A227-71A32FADB6BD}.Debug|Any CPU.ActiveCfg = Debug|Any CPU
		{FD142074-15A5-4183-A227-71A32FADB6BD}.Debug|Any CPU.Build.0 = Debug|Any CPU
		{FD142074-15A5-4183-A227-71A32FADB6BD}.Release|Any CPU.ActiveCfg = Release|Any CPU
		{FD142074-15A5-4183-A227-71A32FADB6BD}.Release|Any CPU.Build.0 = Release|Any CPU
		{F5AC81F3-E3F5-4594-B101-A99F10E5FAEE}.Debug|Any CPU.ActiveCfg = Debug|Any CPU
		{F5AC81F3-E3F5-4594-B101-A99F10E5FAEE}.Debug|Any CPU.Build.0 = Debug|Any CPU
		{F5AC81F3-E3F5-4594-B101-A99F10E5FAEE}.Release|Any CPU.ActiveCfg = Release|Any CPU
		{F5AC81F3-E3F5-4594-B101-A99F10E5FAEE}.Release|Any CPU.Build.0 = Release|Any CPU
		{39049A45-376E-4ADA-8F05-8F70DF6CEA57}.Debug|Any CPU.ActiveCfg = Debug|Any CPU
		{39049A45-376E-4ADA-8F05-8F70DF6CEA57}.Debug|Any CPU.Build.0 = Debug|Any CPU
		{39049A45-376E-4ADA-8F05-8F70DF6CEA57}.Release|Any CPU.ActiveCfg = Release|Any CPU
		{39049A45-376E-4ADA-8F05-8F70DF6CEA57}.Release|Any CPU.Build.0 = Release|Any CPU
		{21C94CD6-4594-4FC1-8797-115E7A259C26}.Debug|Any CPU.ActiveCfg = Debug|Any CPU
		{21C94CD6-4594-4FC1-8797-115E7A259C26}.Debug|Any CPU.Build.0 = Debug|Any CPU
		{21C94CD6-4594-4FC1-8797-115E7A259C26}.Release|Any CPU.ActiveCfg = Release|Any CPU
		{21C94CD6-4594-4FC1-8797-115E7A259C26}.Release|Any CPU.Build.0 = Release|Any CPU
		{0669EFEB-3674-4E83-962F-BAA9769BD445}.Debug|Any CPU.ActiveCfg = Debug|Any CPU
		{0669EFEB-3674-4E83-962F-BAA9769BD445}.Debug|Any CPU.Build.0 = Debug|Any CPU
		{0669EFEB-3674-4E83-962F-BAA9769BD445}.Release|Any CPU.ActiveCfg = Release|Any CPU
		{0669EFEB-3674-4E83-962F-BAA9769BD445}.Release|Any CPU.Build.0 = Release|Any CPU
	EndGlobalSection
	GlobalSection(SolutionProperties) = preSolution
		HideSolutionNode = FALSE
	EndGlobalSection
	GlobalSection(NestedProjects) = preSolution
		{39049A45-376E-4ADA-8F05-8F70DF6CEA57} = {06D5BE36-693B-42FD-B83B-DC5AFDEACB4B}
		{21C94CD6-4594-4FC1-8797-115E7A259C26} = {06D5BE36-693B-42FD-B83B-DC5AFDEACB4B}
		{0669EFEB-3674-4E83-962F-BAA9769BD445} = {06D5BE36-693B-42FD-B83B-DC5AFDEACB4B}
	EndGlobalSection
	GlobalSection(ExtensibilityGlobals) = postSolution
		SolutionGuid = {E80D9D6D-5309-445A-AF3D-216C84737F3C}
	EndGlobalSection
EndGlobal
