
Microsoft Visual Studio Solution File, Format Version 12.00
# Visual Studio Version 16
VisualStudioVersion = 16.0.31624.102
MinimumVisualStudioVersion = 10.0.40219.1
Project("{9A19103F-16F7-4668-BE54-9A1E7A4F7556}") = "MathSample", "MathSample\MathSample.csproj", "{BA5C3A9F-9FB2-4C0B-8E07-363D64C6EDD0}"
EndProject
Project("{9A19103F-16F7-4668-BE54-9A1E7A4F7556}") = "StaticContructorSample", "StaticContructorSample\StaticContructorSample.csproj", "{FD142074-15A5-4183-A227-71A32FADB6BD}"
EndProject
Project("{9A19103F-16F7-4668-BE54-9A1E7A4F7556}") = "WorkConsole", "WorkConsole\WorkConsole.csproj", "{F5AC81F3-E3F5-4594-B101-A99F10E5FAEE}"
EndProject
Project("{9A19103F-16F7-4668-BE54-9A1E7A4F7556}") = "GetAStringDomo", "GetAStringDomo\GetAStringDomo.csproj", "{39049A45-376E-4ADA-8F05-8F70DF6CEA57}"
EndProject
Project("{9A19103F-16F7-4668-BE54-9A1E7A4F7556}") = "SimpleDelegate", "SimpleDelegate\SimpleDelegate.csproj", "{21C94CD6-4594-4FC1-8797-115E7A259C26}"
EndProject
Project("{2150E333-8FDC-42A3-9474-1A3956D46DE8}") = "Delegate", "Delegate", "{06D5BE36-693B-42FD-B83B-DC5AFDEACB4B}"
EndProject
Project("{9A19103F-16F7-4668-BE54-9A1E7A4F7556}") = "BubbleSorter", "BubbleSorter\BubbleSorter.csproj", "{0669EFEB-3674-4E83-962F-BAA9769BD445}"
EndProject
Project("{FAE04EC0-301F-11D3-BF4B-00C04F79EFBC}") = "MulticcastDelegates", "MulticcastDelegates\MulticcastDelegates.csproj", "{C627A6DD-0EA4-428D-BE17-FD4262DF083B}"
EndProject
Project("{FAE04EC0-301F-11D3-BF4B-00C04F79EFBC}") = "MulticastDelegateWithIteration", "MulticastDelegateWithIteration\MulticastDelegateWithIteration.csproj", "{3443771A-1FE6-4BA7-967C-EFFADF3F52AD}"
EndProject
Project("{FAE04EC0-301F-11D3-BF4B-00C04F79EFBC}") = "AnonymousMthods", "AnonymousMthods\AnonymousMthods.csproj", "{50CC782E-C580-4E33-B579-5A513B9BB897}"
EndProject
Project("{FAE04EC0-301F-11D3-BF4B-00C04F79EFBC}") = "LambdaExpressions", "LambdaExpressions\LambdaExpressions.csproj", "{5810B8EF-A9F7-454B-AEB9-722FEB324979}"
EndProject
Project("{2150E333-8FDC-42A3-9474-1A3956D46DE8}") = "Event", "Event", "{9041AAA2-3096-4312-8BCE-37C7D1B8E4D6}"
EndProject
Project("{FAE04EC0-301F-11D3-BF4B-00C04F79EFBC}") = "EventSample", "EventSample\EventSample.csproj", "{53C70B4C-30BC-45CB-9AAC-FD36023911A6}"
EndProject
Project("{FAE04EC0-301F-11D3-BF4B-00C04F79EFBC}") = "WeakEvent", "WeakEvent\WeakEvent.csproj", "{C3D26F54-A90C-4CE6-80DB-0A89D6CC0BFF}"
EndProject
Project("{FAE04EC0-301F-11D3-BF4B-00C04F79EFBC}") = "SimpleEvent", "SimpleEvent\SimpleEvent.csproj", "{28D7B262-50EA-4CA6-8B59-A2344CE7D4DE}"
EndProject
Project("{FAE04EC0-301F-11D3-BF4B-00C04F79EFBC}") = "另外一个委托的示例", "另外一个委托的示例\另外一个委托的示例.csproj", "{492B3771-98A9-4C66-BD22-C17B8366274E}"
EndProject
Project("{2150E333-8FDC-42A3-9474-1A3956D46DE8}") = "PassingByValueAndByReference", "PassingByValueAndByReference", "{BCADC03E-04F4-455E-96D2-D08E444EC359}"
EndProject
Project("{FAE04EC0-301F-11D3-BF4B-00C04F79EFBC}") = "PassingByValueAndByReference", "PassingByValueAndByReference\PassingByValueAndByReference.csproj", "{1F4CE4C5-8F44-4323-BB16-42F62CBDD88D}"
EndProject
Project("{2150E333-8FDC-42A3-9474-1A3956D46DE8}") = "inherit", "inherit", "{968AC8CD-E42C-4FAF-B5C2-6D5D572CF215}"
EndProject
Project("{FAE04EC0-301F-11D3-BF4B-00C04F79EFBC}") = "VirtualMethod", "VirtualMethod\VirtualMethod.csproj", "{B05AE5E7-8114-449C-BFD3-F6645C2B6E05}"
EndProject
Project("{FAE04EC0-301F-11D3-BF4B-00C04F79EFBC}") = "AbstractClassesAndAbstractMethods", "AbstractClassesAndAbstractMethods\AbstractClassesAndAbstractMethods.csproj", "{A3FC8908-423C-43A5-848A-2AAE68DFEAFC}"
EndProject
Project("{FAE04EC0-301F-11D3-BF4B-00C04F79EFBC}") = "UsingInterfaces", "UsingInterfaces\UsingInterfaces.csproj", "{8B4A4D5B-599F-4DFA-88D4-8B419E50EFDF}"
EndProject
Global
	GlobalSection(SolutionConfigurationPlatforms) = preSolution
		Debug|Any CPU = Debug|Any CPU
		Release|Any CPU = Release|Any CPU
	EndGlobalSection
	GlobalSection(ProjectConfigurationPlatforms) = postSolution
		{BA5C3A9F-9FB2-4C0B-8E07-363D64C6EDD0}.Debug|Any CPU.ActiveCfg = Debug|Any CPU
		{BA5C3A9F-9FB2-4C0B-8E07-363D64C6EDD0}.Debug|Any CPU.Build.0 = Debug|Any CPU
		{BA5C3A9F-9FB2-4C0B-8E07-363D64C6EDD0}.Release|Any CPU.ActiveCfg = Release|Any CPU
		{BA5C3A9F-9FB2-4C0B-8E07-363D64C6EDD0}.Release|Any CPU.Build.0 = Release|Any CPU
		{FD142074-15A5-4183-A227-71A32FADB6BD}.Debug|Any CPU.ActiveCfg = Debug|Any CPU
		{FD142074-15A5-4183-A227-71A32FADB6BD}.Debug|Any CPU.Build.0 = Debug|Any CPU
		{FD142074-15A5-4183-A227-71A32FADB6BD}.Release|Any CPU.ActiveCfg = Release|Any CPU
		{FD142074-15A5-4183-A227-71A32FADB6BD}.Release|Any CPU.Build.0 = Release|Any CPU
		{F5AC81F3-E3F5-4594-B101-A99F10E5FAEE}.Debug|Any CPU.ActiveCfg = Debug|Any CPU
		{F5AC81F3-E3F5-4594-B101-A99F10E5FAEE}.Debug|Any CPU.Build.0 = Debug|Any CPU
		{F5AC81F3-E3F5-4594-B101-A99F10E5FAEE}.Release|Any CPU.ActiveCfg = Release|Any CPU
		{F5AC81F3-E3F5-4594-B101-A99F10E5FAEE}.Release|Any CPU.Build.0 = Release|Any CPU
		{39049A45-376E-4ADA-8F05-8F70DF6CEA57}.Debug|Any CPU.ActiveCfg = Debug|Any CPU
		{39049A45-376E-4ADA-8F05-8F70DF6CEA57}.Debug|Any CPU.Build.0 = Debug|Any CPU
		{39049A45-376E-4ADA-8F05-8F70DF6CEA57}.Release|Any CPU.ActiveCfg = Release|Any CPU
		{39049A45-376E-4ADA-8F05-8F70DF6CEA57}.Release|Any CPU.Build.0 = Release|Any CPU
		{21C94CD6-4594-4FC1-8797-115E7A259C26}.Debug|Any CPU.ActiveCfg = Debug|Any CPU
		{21C94CD6-4594-4FC1-8797-115E7A259C26}.Debug|Any CPU.Build.0 = Debug|Any CPU
		{21C94CD6-4594-4FC1-8797-115E7A259C26}.Release|Any CPU.ActiveCfg = Release|Any CPU
		{21C94CD6-4594-4FC1-8797-115E7A259C26}.Release|Any CPU.Build.0 = Release|Any CPU
		{0669EFEB-3674-4E83-962F-BAA9769BD445}.Debug|Any CPU.ActiveCfg = Debug|Any CPU
		{0669EFEB-3674-4E83-962F-BAA9769BD445}.Debug|Any CPU.Build.0 = Debug|Any CPU
		{0669EFEB-3674-4E83-962F-BAA9769BD445}.Release|Any CPU.ActiveCfg = Release|Any CPU
		{0669EFEB-3674-4E83-962F-BAA9769BD445}.Release|Any CPU.Build.0 = Release|Any CPU
		{C627A6DD-0EA4-428D-BE17-FD4262DF083B}.Debug|Any CPU.ActiveCfg = Debug|Any CPU
		{C627A6DD-0EA4-428D-BE17-FD4262DF083B}.Debug|Any CPU.Build.0 = Debug|Any CPU
		{C627A6DD-0EA4-428D-BE17-FD4262DF083B}.Release|Any CPU.ActiveCfg = Release|Any CPU
		{C627A6DD-0EA4-428D-BE17-FD4262DF083B}.Release|Any CPU.Build.0 = Release|Any CPU
		{3443771A-1FE6-4BA7-967C-EFFADF3F52AD}.Debug|Any CPU.ActiveCfg = Debug|Any CPU
		{3443771A-1FE6-4BA7-967C-EFFADF3F52AD}.Debug|Any CPU.Build.0 = Debug|Any CPU
		{3443771A-1FE6-4BA7-967C-EFFADF3F52AD}.Release|Any CPU.ActiveCfg = Release|Any CPU
		{3443771A-1FE6-4BA7-967C-EFFADF3F52AD}.Release|Any CPU.Build.0 = Release|Any CPU
		{50CC782E-C580-4E33-B579-5A513B9BB897}.Debug|Any CPU.ActiveCfg = Debug|Any CPU
		{50CC782E-C580-4E33-B579-5A513B9BB897}.Debug|Any CPU.Build.0 = Debug|Any CPU
		{50CC782E-C580-4E33-B579-5A513B9BB897}.Release|Any CPU.ActiveCfg = Release|Any CPU
		{50CC782E-C580-4E33-B579-5A513B9BB897}.Release|Any CPU.Build.0 = Release|Any CPU
		{5810B8EF-A9F7-454B-AEB9-722FEB324979}.Debug|Any CPU.ActiveCfg = Debug|Any CPU
		{5810B8EF-A9F7-454B-AEB9-722FEB324979}.Debug|Any CPU.Build.0 = Debug|Any CPU
		{5810B8EF-A9F7-454B-AEB9-722FEB324979}.Release|Any CPU.ActiveCfg = Release|Any CPU
		{5810B8EF-A9F7-454B-AEB9-722FEB324979}.Release|Any CPU.Build.0 = Release|Any CPU
		{53C70B4C-30BC-45CB-9AAC-FD36023911A6}.Debug|Any CPU.ActiveCfg = Debug|Any CPU
		{53C70B4C-30BC-45CB-9AAC-FD36023911A6}.Debug|Any CPU.Build.0 = Debug|Any CPU
		{53C70B4C-30BC-45CB-9AAC-FD36023911A6}.Release|Any CPU.ActiveCfg = Release|Any CPU
		{53C70B4C-30BC-45CB-9AAC-FD36023911A6}.Release|Any CPU.Build.0 = Release|Any CPU
		{C3D26F54-A90C-4CE6-80DB-0A89D6CC0BFF}.Debug|Any CPU.ActiveCfg = Debug|Any CPU
		{C3D26F54-A90C-4CE6-80DB-0A89D6CC0BFF}.Debug|Any CPU.Build.0 = Debug|Any CPU
		{C3D26F54-A90C-4CE6-80DB-0A89D6CC0BFF}.Release|Any CPU.ActiveCfg = Release|Any CPU
		{C3D26F54-A90C-4CE6-80DB-0A89D6CC0BFF}.Release|Any CPU.Build.0 = Release|Any CPU
		{28D7B262-50EA-4CA6-8B59-A2344CE7D4DE}.Debug|Any CPU.ActiveCfg = Debug|Any CPU
		{28D7B262-50EA-4CA6-8B59-A2344CE7D4DE}.Debug|Any CPU.Build.0 = Debug|Any CPU
		{28D7B262-50EA-4CA6-8B59-A2344CE7D4DE}.Release|Any CPU.ActiveCfg = Release|Any CPU
		{28D7B262-50EA-4CA6-8B59-A2344CE7D4DE}.Release|Any CPU.Build.0 = Release|Any CPU
		{492B3771-98A9-4C66-BD22-C17B8366274E}.Debug|Any CPU.ActiveCfg = Debug|Any CPU
		{492B3771-98A9-4C66-BD22-C17B8366274E}.Debug|Any CPU.Build.0 = Debug|Any CPU
		{492B3771-98A9-4C66-BD22-C17B8366274E}.Release|Any CPU.ActiveCfg = Release|Any CPU
		{492B3771-98A9-4C66-BD22-C17B8366274E}.Release|Any CPU.Build.0 = Release|Any CPU
		{1F4CE4C5-8F44-4323-BB16-42F62CBDD88D}.Debug|Any CPU.ActiveCfg = Debug|Any CPU
		{1F4CE4C5-8F44-4323-BB16-42F62CBDD88D}.Debug|Any CPU.Build.0 = Debug|Any CPU
		{1F4CE4C5-8F44-4323-BB16-42F62CBDD88D}.Release|Any CPU.ActiveCfg = Release|Any CPU
		{1F4CE4C5-8F44-4323-BB16-42F62CBDD88D}.Release|Any CPU.Build.0 = Release|Any CPU
		{B05AE5E7-8114-449C-BFD3-F6645C2B6E05}.Debug|Any CPU.ActiveCfg = Debug|Any CPU
		{B05AE5E7-8114-449C-BFD3-F6645C2B6E05}.Debug|Any CPU.Build.0 = Debug|Any CPU
		{B05AE5E7-8114-449C-BFD3-F6645C2B6E05}.Release|Any CPU.ActiveCfg = Release|Any CPU
		{B05AE5E7-8114-449C-BFD3-F6645C2B6E05}.Release|Any CPU.Build.0 = Release|Any CPU
		{A3FC8908-423C-43A5-848A-2AAE68DFEAFC}.Debug|Any CPU.ActiveCfg = Debug|Any CPU
		{A3FC8908-423C-43A5-848A-2AAE68DFEAFC}.Debug|Any CPU.Build.0 = Debug|Any CPU
		{A3FC8908-423C-43A5-848A-2AAE68DFEAFC}.Release|Any CPU.ActiveCfg = Release|Any CPU
		{A3FC8908-423C-43A5-848A-2AAE68DFEAFC}.Release|Any CPU.Build.0 = Release|Any CPU
		{8B4A4D5B-599F-4DFA-88D4-8B419E50EFDF}.Debug|Any CPU.ActiveCfg = Debug|Any CPU
		{8B4A4D5B-599F-4DFA-88D4-8B419E50EFDF}.Debug|Any CPU.Build.0 = Debug|Any CPU
		{8B4A4D5B-599F-4DFA-88D4-8B419E50EFDF}.Release|Any CPU.ActiveCfg = Release|Any CPU
		{8B4A4D5B-599F-4DFA-88D4-8B419E50EFDF}.Release|Any CPU.Build.0 = Release|Any CPU
	EndGlobalSection
	GlobalSection(SolutionProperties) = preSolution
		HideSolutionNode = FALSE
	EndGlobalSection
	GlobalSection(NestedProjects) = preSolution
		{39049A45-376E-4ADA-8F05-8F70DF6CEA57} = {06D5BE36-693B-42FD-B83B-DC5AFDEACB4B}
		{21C94CD6-4594-4FC1-8797-115E7A259C26} = {06D5BE36-693B-42FD-B83B-DC5AFDEACB4B}
		{0669EFEB-3674-4E83-962F-BAA9769BD445} = {06D5BE36-693B-42FD-B83B-DC5AFDEACB4B}
		{C627A6DD-0EA4-428D-BE17-FD4262DF083B} = {06D5BE36-693B-42FD-B83B-DC5AFDEACB4B}
		{3443771A-1FE6-4BA7-967C-EFFADF3F52AD} = {06D5BE36-693B-42FD-B83B-DC5AFDEACB4B}
		{50CC782E-C580-4E33-B579-5A513B9BB897} = {06D5BE36-693B-42FD-B83B-DC5AFDEACB4B}
		{5810B8EF-A9F7-454B-AEB9-722FEB324979} = {06D5BE36-693B-42FD-B83B-DC5AFDEACB4B}
		{53C70B4C-30BC-45CB-9AAC-FD36023911A6} = {9041AAA2-3096-4312-8BCE-37C7D1B8E4D6}
		{C3D26F54-A90C-4CE6-80DB-0A89D6CC0BFF} = {9041AAA2-3096-4312-8BCE-37C7D1B8E4D6}
		{28D7B262-50EA-4CA6-8B59-A2344CE7D4DE} = {9041AAA2-3096-4312-8BCE-37C7D1B8E4D6}
		{492B3771-98A9-4C66-BD22-C17B8366274E} = {06D5BE36-693B-42FD-B83B-DC5AFDEACB4B}
		{1F4CE4C5-8F44-4323-BB16-42F62CBDD88D} = {BCADC03E-04F4-455E-96D2-D08E444EC359}
		{B05AE5E7-8114-449C-BFD3-F6645C2B6E05} = {968AC8CD-E42C-4FAF-B5C2-6D5D572CF215}
		{A3FC8908-423C-43A5-848A-2AAE68DFEAFC} = {968AC8CD-E42C-4FAF-B5C2-6D5D572CF215}
		{8B4A4D5B-599F-4DFA-88D4-8B419E50EFDF} = {968AC8CD-E42C-4FAF-B5C2-6D5D572CF215}
	EndGlobalSection
	GlobalSection(ExtensibilityGlobals) = postSolution
		SolutionGuid = {E80D9D6D-5309-445A-AF3D-216C84737F3C}
	EndGlobalSection
EndGlobal
